
Microsoft Visual Studio Solution File, Format Version 12.00
# Visual Studio Version 16
VisualStudioVersion = 16.0.30002.166
MinimumVisualStudioVersion = 10.0.40219.1
Project("{FAE04EC0-301F-11D3-BF4B-00C04F79EFBC}") = "RemitaTestConsole", "RemitaAPIWrapper\RemitaTestConsole.csproj", "{C718E881-BE42-4DB2-961E-4AB51F108BCF}"
EndProject
Project("{FAE04EC0-301F-11D3-BF4B-00C04F79EFBC}") = "Remita", "RemitaDirectDebit\Remita.csproj", "{E6F97F9E-749E-44FC-8167-B1C435A0E627}"
EndProject
Global
	GlobalSection(SolutionConfigurationPlatforms) = preSolution
		Debug|Any CPU = Debug|Any CPU
		Release|Any CPU = Release|Any CPU
	EndGlobalSection
	GlobalSection(ProjectConfigurationPlatforms) = postSolution
		{C718E881-BE42-4DB2-961E-4AB51F108BCF}.Debug|Any CPU.ActiveCfg = Debug|Any CPU
		{C718E881-BE42-4DB2-961E-4AB51F108BCF}.Debug|Any CPU.Build.0 = Debug|Any CPU
		{C718E881-BE42-4DB2-961E-4AB51F108BCF}.Release|Any CPU.ActiveCfg = Release|Any CPU
		{C718E881-BE42-4DB2-961E-4AB51F108BCF}.Release|Any CPU.Build.0 = Release|Any CPU
		{E6F97F9E-749E-44FC-8167-B1C435A0E627}.Debug|Any CPU.ActiveCfg = Debug|Any CPU
		{E6F97F9E-749E-44FC-8167-B1C435A0E627}.Debug|Any CPU.Build.0 = Debug|Any CPU
		{E6F97F9E-749E-44FC-8167-B1C435A0E627}.Release|Any CPU.ActiveCfg = Release|Any CPU
		{E6F97F9E-749E-44FC-8167-B1C435A0E627}.Release|Any CPU.Build.0 = Release|Any CPU
	EndGlobalSection
	GlobalSection(SolutionProperties) = preSolution
		HideSolutionNode = FALSE
	EndGlobalSection
	GlobalSection(ExtensibilityGlobals) = postSolution
		SolutionGuid = {4891E95A-45CB-495E-8CDD-3ECA08CE68A6}
	EndGlobalSection
EndGlobal
